{
  "name": "my-napi-project-win32-x64-msvc",
  "version": "0.0.0",
  "lockfileVersion": 3,
  "requires": true,
  "packages": {
    "": {
      "name": "my-napi-project-win32-x64-msvc",
      "version": "0.0.0",
      "cpu": [
        "x64"
      ],
      "license": "MIT",
      "os": [
        "win32"
      ],
      "dependencies": {
        "my-napi-project-win32-x64-msvc": "file:"
      },
      "engines": {
        "node": ">= 10"
      }
    },
    "node_modules/my-napi-project-win32-x64-msvc": {
      "resolved": "",
      "link": true
    }
  }
}
